{
  "requires": true,
  "lockfileVersion": 1,
  "dependencies": {
    "vue-axios": {
      "version": "2.1.4",
      "resolved": "https://registry.npmjs.org/vue-axios/-/vue-axios-2.1.4.tgz",
      "integrity": "sha512-DS8Q+WFT3i7nS0aZ/NMmTPf2yhbtlXhj4QEZmY69au/BshsGzGjC6dXaniZaPQlErP3J3Sv1HtQ4RVrXaUTkxA=="
    },
    "vue-loading-overlay": {
      "version": "3.1.0",
      "resolved": "https://registry.npmjs.org/vue-loading-overlay/-/vue-loading-overlay-3.1.0.tgz",
      "integrity": "sha512-EJOaqxfkSwt6LRoKYnWWPch6fLRRzHWFxLBnRHjXHIK/fP0MSmbBLh9ZRpxarXJeDBiyykQevDXa7h7809JaAA=="
    }
  }
}
